{
    "_readme": [
        "This file locks the dependencies of your project to a known state",
        "Read more about it at http://getcomposer.org/doc/01-basic-usage.md#composer-lock-the-lock-file"
    ],
    "hash": "b92866738bd3024f7d4b8997492e6acf",
    "packages": [
        {
            "name": "codeplex/phpexcel",
            "version": "dev-master",
            "source": {
                "type": "git",
                "url": "https://github.com/markushausammann/PHPExcel.git",
                "reference": "7f72be58b4f0a136a4ee9997318d717ecb18abc6"
            },
            "dist": {
                "type": "zip",
                "url": "https://api.github.com/repos/markushausammann/PHPExcel/zipball/7f72be58b4f0a136a4ee9997318d717ecb18abc6",
                "reference": "7f72be58b4f0a136a4ee9997318d717ecb18abc6",
                "shasum": ""
            },
            "require": {
                "ext-xml": "*",
                "php": ">=5.2.0"
            },
            "type": "library",
            "autoload": {
                "psr-0": {
                    "PHPExcel": ""
                }
            },
            "notification-url": "https://packagist.org/downloads/",
            "license": [
                "LGPL"
            ],
            "authors": [
                {
                    "name": "Maarten Balliauw",
                    "homepage": "http://blog.maartenballiauw.be"
                },
                {
                    "name": "Mark Baker"
                },
                {
                    "name": "Erit Tilt"
                }
            ],
            "description": "PHPExcel - OpenXML - Create Excel2007 documents in PHP - Spreadsheet engine",
            "homepage": "http://phpexcel.codeplex.com",
            "keywords": [
                "OpenXML",
                "excel",
                "php",
                "spreadsheet"
            ],
            "time": "2013-06-13 17:41:00"
        },
        {
            "name": "imagine/imagine",
            "version": "dev-develop",
            "source": {
                "type": "git",
                "url": "https://github.com/avalanche123/Imagine.git",
                "reference": "d7a4ee663a32db80d8c9eeede5f7bcbfaa6dbbf8"
            },
            "dist": {
                "type": "zip",
                "url": "https://api.github.com/repos/avalanche123/Imagine/zipball/d7a4ee663a32db80d8c9eeede5f7bcbfaa6dbbf8",
                "reference": "d7a4ee663a32db80d8c9eeede5f7bcbfaa6dbbf8",
                "shasum": ""
            },
            "require": {
                "php": ">=5.3.2"
            },
            "require-dev": {
                "sami/sami": "dev-master"
            },
            "suggest": {
                "ext-gd": "to use the GD implementation",
                "ext-gmagick": "to use the Gmagick implementation",
                "ext-imagick": "to use the Imagick implementation"
            },
            "type": "library",
            "extra": {
                "branch-alias": {
                    "dev-develop": "0.6-dev"
                }
            },
            "autoload": {
                "psr-0": {
                    "Imagine": "lib/"
                }
            },
            "notification-url": "https://packagist.org/downloads/",
            "license": [
                "MIT"
            ],
            "authors": [
                {
                    "name": "Bulat Shakirzyanov",
                    "email": "mallluhuct@gmail.com",
                    "homepage": "http://avalanche123.com"
                }
            ],
            "description": "Image processing for PHP 5.3",
            "homepage": "http://imagine.readthedocs.org/",
            "keywords": [
                "drawing",
                "graphics",
                "image manipulation",
                "image processing"
            ],
            "time": "2013-08-27 09:13:52"
        },
        {
            "name": "kriswallsmith/buzz",
            "version": "dev-master",
            "source": {
                "type": "git",
                "url": "https://github.com/kriswallsmith/Buzz.git",
                "reference": "d7545a943496c401f7f5248f285e44b33c86905e"
            },
            "dist": {
                "type": "zip",
                "url": "https://api.github.com/repos/kriswallsmith/Buzz/zipball/d7545a943496c401f7f5248f285e44b33c86905e",
                "reference": "d7545a943496c401f7f5248f285e44b33c86905e",
                "shasum": ""
            },
            "require": {
                "php": ">=5.3.0"
            },
            "require-dev": {
                "phpunit/phpunit": "3.7.*"
            },
            "suggest": {
                "ext-curl": "*"
            },
            "type": "library",
            "autoload": {
                "psr-0": {
                    "Buzz": "lib/"
                }
            },
            "notification-url": "https://packagist.org/downloads/",
            "license": [
                "MIT"
            ],
            "authors": [
                {
                    "name": "Kris Wallsmith",
                    "email": "kris.wallsmith@gmail.com",
                    "homepage": "http://kriswallsmith.net/"
                }
            ],
            "description": "Lightweight HTTP client",
            "homepage": "https://github.com/kriswallsmith/Buzz",
            "keywords": [
                "curl",
                "http client"
            ],
            "time": "2013-06-04 15:32:22"
        },
        {
            "name": "phpexcel/phpexcel",
            "version": "dev-master",
            "source": {
                "type": "git",
                "url": "https://github.com/ddeboer/phpexcel.git",
                "reference": "de9c8871a87ce9be354d35f5e966dd65a0c7c6d2"
            },
            "dist": {
                "type": "zip",
                "url": "https://api.github.com/repos/ddeboer/phpexcel/zipball/de9c8871a87ce9be354d35f5e966dd65a0c7c6d2",
                "reference": "de9c8871a87ce9be354d35f5e966dd65a0c7c6d2",
                "shasum": ""
            },
            "require": {
                "php": ">5.2.0"
            },
            "type": "library",
            "autoload": {
                "psr-0": {
                    "PHPExcel": "Classes"
                }
            },
            "notification-url": "https://packagist.org/downloads/",
            "license": [
                "GNU"
            ],
            "description": "PHPExcel - OpenXML - Create Excel2007 documents in PHP - Spreadsheet engine",
            "homepage": "http://phpexcel.codeplex.com",
            "keywords": [
                "excel",
                "xls"
            ],
            "time": "2012-09-04 18:29:37"
        },
        {
            "name": "ruflin/elastica",
            "version": "dev-master",
            "source": {
                "type": "git",
                "url": "https://github.com/ruflin/Elastica.git",
                "reference": "1475906ac4179f792d264d4dee2dcc6d2b0dfc82"
            },
            "dist": {
                "type": "zip",
                "url": "https://api.github.com/repos/ruflin/Elastica/zipball/1475906ac4179f792d264d4dee2dcc6d2b0dfc82",
                "reference": "1475906ac4179f792d264d4dee2dcc6d2b0dfc82",
                "shasum": ""
            },
            "require": {
                "php": ">=5.3.3"
            },
            "require-dev": {
                "munkie/elasticsearch-thrift-php": "1.4.*",
                "psr/log": "~1.0"
            },
            "suggest": {
                "monolog/monolog": "Logging request",
                "munkie/elasticsearch-thrift-php": "Allow using thrift transport",
                "psr/log": "for logging"
            },
            "type": "library",
            "extra": {
                "branch-alias": {
                    "dev-master": "0.20.5.x-dev"
                }
            },
            "autoload": {
                "psr-0": {
                    "Elastica": "lib/",
                    "Elastica\\Test": "test/lib/"
                }
            },
            "notification-url": "https://packagist.org/downloads/",
            "license": [
                "Apache 2.0"
            ],
            "authors": [
                {
                    "name": "Nicolas Ruflin",
                    "homepage": "http://ruflin.com/"
                }
            ],
            "description": "Elasticsearch Client",
            "homepage": "http://ruflin.github.com/Elastica/",
            "keywords": [
                "client",
                "search"
            ],
            "time": "2013-08-27 18:25:25"
        },
        {
            "name": "symfony/class-loader",
            "version": "dev-master",
            "target-dir": "Symfony/Component/ClassLoader",
            "source": {
                "type": "git",
                "url": "https://github.com/symfony/ClassLoader.git",
                "reference": "7809fd30ec2731cb12334f78351817013090c955"
            },
            "dist": {
                "type": "zip",
                "url": "https://api.github.com/repos/symfony/ClassLoader/zipball/7809fd30ec2731cb12334f78351817013090c955",
                "reference": "7809fd30ec2731cb12334f78351817013090c955",
                "shasum": ""
            },
            "require": {
                "php": ">=5.3.3"
            },
            "require-dev": {
                "symfony/finder": "~2.0"
            },
            "type": "library",
            "extra": {
                "branch-alias": {
                    "dev-master": "2.4-dev"
                }
            },
            "autoload": {
                "psr-0": {
                    "Symfony\\Component\\ClassLoader\\": ""
                }
            },
            "notification-url": "https://packagist.org/downloads/",
            "license": [
                "MIT"
            ],
            "authors": [
                {
                    "name": "Fabien Potencier",
                    "email": "fabien@symfony.com"
                },
                {
                    "name": "Symfony Community",
                    "homepage": "http://symfony.com/contributors"
                }
            ],
            "description": "Symfony ClassLoader Component",
            "homepage": "http://symfony.com",
            "time": "2013-08-24 06:54:37"
        },
        {
            "name": "symfony/console",
            "version": "2.3.x-dev",
            "target-dir": "Symfony/Component/Console",
            "source": {
                "type": "git",
                "url": "https://github.com/symfony/Console.git",
                "reference": "db78f8ff7fc9e28d25ff9a0bf6ddf9f0e35fbbe3"
            },
            "dist": {
                "type": "zip",
                "url": "https://api.github.com/repos/symfony/Console/zipball/db78f8ff7fc9e28d25ff9a0bf6ddf9f0e35fbbe3",
                "reference": "db78f8ff7fc9e28d25ff9a0bf6ddf9f0e35fbbe3",
                "shasum": ""
            },
            "require": {
                "php": ">=5.3.3"
            },
            "require-dev": {
                "symfony/event-dispatcher": "~2.1"
            },
            "suggest": {
                "symfony/event-dispatcher": ""
            },
            "type": "library",
            "extra": {
                "branch-alias": {
                    "dev-master": "2.3-dev"
                }
            },
            "autoload": {
                "psr-0": {
                    "Symfony\\Component\\Console\\": ""
                }
            },
            "notification-url": "https://packagist.org/downloads/",
            "license": [
                "MIT"
            ],
            "authors": [
                {
                    "name": "Fabien Potencier",
                    "email": "fabien@symfony.com"
                },
                {
                    "name": "Symfony Community",
                    "homepage": "http://symfony.com/contributors"
                }
            ],
            "description": "Symfony Console Component",
            "homepage": "http://symfony.com",
            "time": "2013-08-17 16:34:49"
        },
        {
            "name": "zendframework/zendframework1",
            "version": "dev-master",
            "source": {
                "type": "git",
                "url": "https://github.com/zendframework/zf1.git",
                "reference": "47cb01e3ab68fc06302ca09c267625ba2552b235"
            },
            "dist": {
                "type": "zip",
                "url": "https://api.github.com/repos/zendframework/zf1/zipball/47cb01e3ab68fc06302ca09c267625ba2552b235",
                "reference": "47cb01e3ab68fc06302ca09c267625ba2552b235",
                "shasum": ""
            },
            "require": {
                "php": ">=5.2.11"
            },
            "type": "library",
            "extra": {
                "branch-alias": {
                    "dev-master": "1.12.x-dev"
                }
            },
            "autoload": {
                "psr-0": {
                    "Zend_": "library/"
                }
            },
            "notification-url": "https://packagist.org/downloads/",
            "include-path": [
                "library/"
            ],
            "license": [
                "BSD-3-Clause"
            ],
            "description": "Zend Framework 1",
            "homepage": "http://framework.zend.com/",
            "keywords": [
                "ZF1",
                "framework"
            ],
            "time": "2013-08-28 15:04:38"
        }
    ],
    "packages-dev": [

    ],
    "aliases": [

    ],
    "minimum-stability": "stable",
    "stability-flags": {
        "zendframework/zendframework1": 20,
        "ruflin/elastica": 20,
        "symfony/class-loader": 20,
        "symfony/console": 20,
        "imagine/imagine": 20,
        "phpexcel/phpexcel": 20,
        "kriswallsmith/buzz": 20
        "codeplex/phpexcel": 20
    },
    "platform": {
        "php": ">=5.3.3"
    },
    "platform-dev": [

    ]
}
