{
    "_readme": [
        "This file locks the dependencies of your project to a known state",
        "Read more about it at http://getcomposer.org/doc/01-basic-usage.md#composer-lock-the-lock-file"
    ],
    "hash": "5b85e3456a5b11e31f560b1a8ec50808",
    "packages": [
        {
            "name": "imagine/imagine",
            "version": "dev-develop",
            "source": {
                "type": "git",
                "url": "https://github.com/avalanche123/Imagine.git",
                "reference": "45aba323391fc079e25382b83561919db117ff51"
            },
            "dist": {
                "type": "zip",
                "url": "https://api.github.com/repos/avalanche123/Imagine/zipball/45aba323391fc079e25382b83561919db117ff51",
                "reference": "45aba323391fc079e25382b83561919db117ff51",
                "shasum": ""
            },
            "require": {
                "php": ">=5.3.2"
            },
            "require-dev": {
                "sami/sami": "dev-master"
            },
            "suggest": {
                "ext-gd": "to use the GD implementation",
                "ext-gmagick": "to use the Gmagick implementation",
                "ext-imagick": "to use the Imagick implementation"
            },
            "type": "library",
            "extra": {
                "branch-alias": {
                    "dev-develop": "0.6-dev"
                }
            },
            "autoload": {
                "psr-0": {
                    "Imagine": "lib/"
                }
            },
            "notification-url": "https://packagist.org/downloads/",
            "license": [
                "MIT"
            ],
            "authors": [
                {
                    "name": "Bulat Shakirzyanov",
                    "email": "mallluhuct@gmail.com",
                    "homepage": "http://avalanche123.com"
                }
            ],
            "description": "Image processing for PHP 5.3",
            "homepage": "http://imagine.readthedocs.org/",
            "keywords": [
                "drawing",
                "graphics",
                "image manipulation",
                "image processing"
            ],
            "time": "2013-08-15 23:32:14"
        },
        {
            "name": "phpexcel/phpexcel",
            "version": "dev-master",
            "source": {
                "type": "git",
                "url": "https://github.com/ddeboer/phpexcel.git",
                "reference": "v1.7.7"
            },
            "dist": {
                "type": "zip",
                "url": "https://api.github.com/repos/ddeboer/phpexcel/zipball/v1.7.7",
                "reference": "v1.7.7",
                "shasum": ""
            },
            "require": {
                "php": ">5.2.0"
            },
            "type": "library",
            "autoload": {
                "psr-0": {
                    "PHPExcel": "Classes"
                }
            },
            "notification-url": "https://packagist.org/downloads/",
            "license": [
                "GNU"
            ],
            "description": "PHPExcel - OpenXML - Create Excel2007 documents in PHP - Spreadsheet engine",
            "homepage": "http://phpexcel.codeplex.com",
            "keywords": [
                "excel",
                "xls"
            ],
            "time": "2012-09-04 18:29:37"
        },
        {
            "name": "ruflin/elastica",
            "version": "dev-master",
            "source": {
                "type": "git",
                "url": "https://github.com/ruflin/Elastica.git",
                "reference": "976d67f2ac89798e657d942348eb3adf7bf6dc7f"
            },
            "dist": {
                "type": "zip",
                "url": "https://api.github.com/repos/ruflin/Elastica/zipball/976d67f2ac89798e657d942348eb3adf7bf6dc7f",
                "reference": "976d67f2ac89798e657d942348eb3adf7bf6dc7f",
                "shasum": ""
            },
            "require": {
                "php": ">=5.3.3"
            },
            "require-dev": {
                "munkie/elasticsearch-thrift-php": "1.4.*",
                "psr/log": "~1.0"
            },
            "suggest": {
                "monolog/monolog": "Logging request",
                "munkie/elasticsearch-thrift-php": "Allow using thrift transport",
                "psr/log": "for logging"
            },
            "type": "library",
            "extra": {
                "branch-alias": {
                    "dev-master": "0.20.5.x-dev"
                }
            },
            "autoload": {
                "psr-0": {
                    "Elastica": "lib/",
                    "Elastica\\Test": "test/lib/"
                }
            },
            "notification-url": "https://packagist.org/downloads/",
            "license": [
                "Apache 2.0"
            ],
            "authors": [
                {
                    "name": "Nicolas Ruflin",
                    "homepage": "http://ruflin.com/"
                }
            ],
            "description": "Elasticsearch Client",
            "homepage": "http://ruflin.github.com/Elastica/",
            "keywords": [
                "client",
                "search"
            ],
            "time": "2013-08-17 12:07:09"
        },
        {
            "name": "symfony/class-loader",
            "version": "dev-master",
            "target-dir": "Symfony/Component/ClassLoader",
            "source": {
                "type": "git",
                "url": "https://github.com/symfony/ClassLoader.git",
                "reference": "7239180fee1194f58b6741e47574f7ce3274d0c3"
            },
            "dist": {
                "type": "zip",
                "url": "https://api.github.com/repos/symfony/ClassLoader/zipball/7239180fee1194f58b6741e47574f7ce3274d0c3",
                "reference": "7239180fee1194f58b6741e47574f7ce3274d0c3",
                "shasum": ""
            },
            "require": {
                "php": ">=5.3.3"
            },
            "require-dev": {
                "symfony/finder": "~2.0"
            },
            "type": "library",
            "extra": {
                "branch-alias": {
                    "dev-master": "2.4-dev"
                }
            },
            "autoload": {
                "psr-0": {
                    "Symfony\\Component\\ClassLoader\\": ""
                }
            },
            "notification-url": "https://packagist.org/downloads/",
            "license": [
                "MIT"
            ],
            "authors": [
                {
                    "name": "Fabien Potencier",
                    "email": "fabien@symfony.com"
                },
                {
                    "name": "Symfony Community",
                    "homepage": "http://symfony.com/contributors"
                }
            ],
            "description": "Symfony ClassLoader Component",
            "homepage": "http://symfony.com",
            "time": "2013-08-14 13:08:25"
        },
        {
            "name": "symfony/console",
            "version": "2.3.x-dev",
            "target-dir": "Symfony/Component/Console",
            "source": {
                "type": "git",
                "url": "https://github.com/symfony/Console.git",
                "reference": "db78f8ff7fc9e28d25ff9a0bf6ddf9f0e35fbbe3"
            },
            "dist": {
                "type": "zip",
                "url": "https://api.github.com/repos/symfony/Console/zipball/db78f8ff7fc9e28d25ff9a0bf6ddf9f0e35fbbe3",
                "reference": "db78f8ff7fc9e28d25ff9a0bf6ddf9f0e35fbbe3",
                "shasum": ""
            },
            "require": {
                "php": ">=5.3.3"
            },
            "require-dev": {
                "symfony/event-dispatcher": "~2.1"
            },
            "suggest": {
                "symfony/event-dispatcher": ""
            },
            "type": "library",
            "extra": {
                "branch-alias": {
                    "dev-master": "2.3-dev"
                }
            },
            "autoload": {
                "psr-0": {
                    "Symfony\\Component\\Console\\": ""
                }
            },
            "notification-url": "https://packagist.org/downloads/",
            "license": [
                "MIT"
            ],
            "authors": [
                {
                    "name": "Fabien Potencier",
                    "email": "fabien@symfony.com"
                },
                {
                    "name": "Symfony Community",
                    "homepage": "http://symfony.com/contributors"
                }
            ],
            "description": "Symfony Console Component",
            "homepage": "http://symfony.com",
            "time": "2013-08-17 16:34:49"
        },
        {
            "name": "zendframework/zendframework1",
            "version": "dev-master",
            "source": {
                "type": "git",
                "url": "https://github.com/zendframework/zf1.git",
                "reference": "6efbf4631cc47b2c5c1c5fee87c2f6191f255e70"
            },
            "dist": {
                "type": "zip",
                "url": "https://api.github.com/repos/zendframework/zf1/zipball/6efbf4631cc47b2c5c1c5fee87c2f6191f255e70",
                "reference": "6efbf4631cc47b2c5c1c5fee87c2f6191f255e70",
                "shasum": ""
            },
            "require": {
                "php": ">=5.2.11"
            },
            "type": "library",
            "extra": {
                "branch-alias": {
                    "dev-master": "1.12.x-dev"
                }
            },
            "autoload": {
                "psr-0": {
                    "Zend_": "library/"
                }
            },
            "notification-url": "https://packagist.org/downloads/",
            "include-path": [
                "library/"
            ],
            "license": [
                "BSD-3-Clause"
            ],
            "description": "Zend Framework 1",
            "homepage": "http://framework.zend.com/",
            "keywords": [
                "ZF1",
                "framework"
            ],
            "time": "2013-08-05 16:58:54"
        }
    ],
    "packages-dev": [

    ],
    "aliases": [

    ],
    "minimum-stability": "stable",
    "stability-flags": {
        "zendframework/zendframework1": 20,
        "ruflin/elastica": 20,
        "symfony/class-loader": 20,
        "symfony/console": 20,
        "imagine/imagine": 20,
        "phpexcel/phpexcel": 20
    },
    "platform": {
        "php": ">=5.3.3"
    },
    "platform-dev": [

    ]
}
